
Microsoft Visual Studio Solution File, Format Version 11.00
# Visual Studio 2010
Project("{FAE04EC0-301F-11D3-BF4B-00C04F79EFBC}") = "BinaryTreeIndex", "BinaryTreeIndex\BinaryTreeIndex.csproj", "{F49E824F-7917-44A2-A4B4-7167F61C2836}"
EndProject
Project("{2150E333-8FDC-42A3-9474-1A3956D46DE8}") = "Dependencies", "Dependencies", "{9485A936-E4F3-472A-9959-962AB1B08E93}"
EndProject
Project("{FAE04EC0-301F-11D3-BF4B-00C04F79EFBC}") = "Commons", "..\CommunityEdition\Library\Internal\Commons\Commons.csproj", "{581F49A5-9768-4CB3-AF92-3A3FC2B1F63B}"
EndProject
Project("{FAE04EC0-301F-11D3-BF4B-00C04F79EFBC}") = "ErrorHandling", "..\CommunityEdition\Library\Internal\ErrorHandling\ErrorHandling.csproj", "{EA1F7F6C-C8C9-4529-998D-B86701FFA1DE}"
EndProject
Project("{FAE04EC0-301F-11D3-BF4B-00C04F79EFBC}") = "IGraphDB", "..\CommunityEdition\GraphDB\IGraphDB\IGraphDB.csproj", "{5A691EE2-96EE-4F5F-858E-6A17088CE7A1}"
EndProject
Project("{FAE04EC0-301F-11D3-BF4B-00C04F79EFBC}") = "InMemoryNonRevisioned", "..\CommunityEdition\GraphFS\Implementations\InMemoryNonRevisioned\InMemoryNonRevisioned.csproj", "{AB7C27CC-534F-472E-BA56-A1287973B7E2}"
EndProject
Project("{FAE04EC0-301F-11D3-BF4B-00C04F79EFBC}") = "IPluginable", "..\CommunityEdition\Library\Internal\IPluginable\IPluginable.csproj", "{C6DDFD34-176E-48AC-998F-854F98CD28BB}"
EndProject
Project("{FAE04EC0-301F-11D3-BF4B-00C04F79EFBC}") = "ISonesIndex", "..\CommunityEdition\Plugins\Index\ISonesIndex\ISonesIndex.csproj", "{823E8AF4-CF92-4E74-8ABD-38693279EB1E}"
EndProject
Project("{FAE04EC0-301F-11D3-BF4B-00C04F79EFBC}") = "PropertyHyperGraph", "..\CommunityEdition\Library\Internal\PropertyHyperGraph\PropertyHyperGraph.csproj", "{A1BD782F-F3C4-4820-8B00-FDBDAADAE37D}"
EndProject
Project("{FAE04EC0-301F-11D3-BF4B-00C04F79EFBC}") = "SonesGraphDB", "..\CommunityEdition\GraphDB\Implementations\SonesGraphDB\SonesGraphDB.csproj", "{1FC72801-4046-4CC7-BF83-8082FFD593BC}"
EndProject
Project("{FAE04EC0-301F-11D3-BF4B-00C04F79EFBC}") = "SonesIndices", "..\CommunityEdition\Plugins\Index\Indices\SonesIndices\SonesIndices.csproj", "{FCF3C622-5CF6-4C2A-B024-4046D6E4941C}"
EndProject
Project("{FAE04EC0-301F-11D3-BF4B-00C04F79EFBC}") = "BinaryTreeIndex.Tests", "BinaryTreeIndex.Tests\BinaryTreeIndex.Tests.csproj", "{BB2CA489-61D9-4033-B220-D55850BF5F9B}"
EndProject
Global
	GlobalSection(SolutionConfigurationPlatforms) = preSolution
		Debug|Any CPU = Debug|Any CPU
		Release|Any CPU = Release|Any CPU
	EndGlobalSection
	GlobalSection(ProjectConfigurationPlatforms) = postSolution
		{F49E824F-7917-44A2-A4B4-7167F61C2836}.Debug|Any CPU.ActiveCfg = Debug|Any CPU
		{F49E824F-7917-44A2-A4B4-7167F61C2836}.Debug|Any CPU.Build.0 = Debug|Any CPU
		{F49E824F-7917-44A2-A4B4-7167F61C2836}.Release|Any CPU.ActiveCfg = Release|Any CPU
		{F49E824F-7917-44A2-A4B4-7167F61C2836}.Release|Any CPU.Build.0 = Release|Any CPU
		{581F49A5-9768-4CB3-AF92-3A3FC2B1F63B}.Debug|Any CPU.ActiveCfg = Debug|Any CPU
		{581F49A5-9768-4CB3-AF92-3A3FC2B1F63B}.Debug|Any CPU.Build.0 = Debug|Any CPU
		{581F49A5-9768-4CB3-AF92-3A3FC2B1F63B}.Release|Any CPU.ActiveCfg = Release|Any CPU
		{581F49A5-9768-4CB3-AF92-3A3FC2B1F63B}.Release|Any CPU.Build.0 = Release|Any CPU
		{EA1F7F6C-C8C9-4529-998D-B86701FFA1DE}.Debug|Any CPU.ActiveCfg = Debug|Any CPU
		{EA1F7F6C-C8C9-4529-998D-B86701FFA1DE}.Debug|Any CPU.Build.0 = Debug|Any CPU
		{EA1F7F6C-C8C9-4529-998D-B86701FFA1DE}.Release|Any CPU.ActiveCfg = Release|Any CPU
		{EA1F7F6C-C8C9-4529-998D-B86701FFA1DE}.Release|Any CPU.Build.0 = Release|Any CPU
		{5A691EE2-96EE-4F5F-858E-6A17088CE7A1}.Debug|Any CPU.ActiveCfg = Debug|Any CPU
		{5A691EE2-96EE-4F5F-858E-6A17088CE7A1}.Debug|Any CPU.Build.0 = Debug|Any CPU
		{5A691EE2-96EE-4F5F-858E-6A17088CE7A1}.Release|Any CPU.ActiveCfg = Release|Any CPU
		{5A691EE2-96EE-4F5F-858E-6A17088CE7A1}.Release|Any CPU.Build.0 = Release|Any CPU
		{AB7C27CC-534F-472E-BA56-A1287973B7E2}.Debug|Any CPU.ActiveCfg = Debug|Any CPU
		{AB7C27CC-534F-472E-BA56-A1287973B7E2}.Debug|Any CPU.Build.0 = Debug|Any CPU
		{AB7C27CC-534F-472E-BA56-A1287973B7E2}.Release|Any CPU.ActiveCfg = Release|Any CPU
		{AB7C27CC-534F-472E-BA56-A1287973B7E2}.Release|Any CPU.Build.0 = Release|Any CPU
		{C6DDFD34-176E-48AC-998F-854F98CD28BB}.Debug|Any CPU.ActiveCfg = Debug|Any CPU
		{C6DDFD34-176E-48AC-998F-854F98CD28BB}.Debug|Any CPU.Build.0 = Debug|Any CPU
		{C6DDFD34-176E-48AC-998F-854F98CD28BB}.Release|Any CPU.ActiveCfg = Release|Any CPU
		{C6DDFD34-176E-48AC-998F-854F98CD28BB}.Release|Any CPU.Build.0 = Release|Any CPU
		{823E8AF4-CF92-4E74-8ABD-38693279EB1E}.Debug|Any CPU.ActiveCfg = Debug|Any CPU
		{823E8AF4-CF92-4E74-8ABD-38693279EB1E}.Debug|Any CPU.Build.0 = Debug|Any CPU
		{823E8AF4-CF92-4E74-8ABD-38693279EB1E}.Release|Any CPU.ActiveCfg = Release|Any CPU
		{823E8AF4-CF92-4E74-8ABD-38693279EB1E}.Release|Any CPU.Build.0 = Release|Any CPU
		{A1BD782F-F3C4-4820-8B00-FDBDAADAE37D}.Debug|Any CPU.ActiveCfg = Debug|Any CPU
		{A1BD782F-F3C4-4820-8B00-FDBDAADAE37D}.Debug|Any CPU.Build.0 = Debug|Any CPU
		{A1BD782F-F3C4-4820-8B00-FDBDAADAE37D}.Release|Any CPU.ActiveCfg = Release|Any CPU
		{A1BD782F-F3C4-4820-8B00-FDBDAADAE37D}.Release|Any CPU.Build.0 = Release|Any CPU
		{1FC72801-4046-4CC7-BF83-8082FFD593BC}.Debug|Any CPU.ActiveCfg = Debug|Any CPU
		{1FC72801-4046-4CC7-BF83-8082FFD593BC}.Debug|Any CPU.Build.0 = Debug|Any CPU
		{1FC72801-4046-4CC7-BF83-8082FFD593BC}.Release|Any CPU.ActiveCfg = Release|Any CPU
		{1FC72801-4046-4CC7-BF83-8082FFD593BC}.Release|Any CPU.Build.0 = Release|Any CPU
		{FCF3C622-5CF6-4C2A-B024-4046D6E4941C}.Debug|Any CPU.ActiveCfg = Debug|Any CPU
		{FCF3C622-5CF6-4C2A-B024-4046D6E4941C}.Debug|Any CPU.Build.0 = Debug|Any CPU
		{FCF3C622-5CF6-4C2A-B024-4046D6E4941C}.Release|Any CPU.ActiveCfg = Release|Any CPU
		{FCF3C622-5CF6-4C2A-B024-4046D6E4941C}.Release|Any CPU.Build.0 = Release|Any CPU
		{BB2CA489-61D9-4033-B220-D55850BF5F9B}.Debug|Any CPU.ActiveCfg = Debug|Any CPU
		{BB2CA489-61D9-4033-B220-D55850BF5F9B}.Debug|Any CPU.Build.0 = Debug|Any CPU
		{BB2CA489-61D9-4033-B220-D55850BF5F9B}.Release|Any CPU.ActiveCfg = Release|Any CPU
		{BB2CA489-61D9-4033-B220-D55850BF5F9B}.Release|Any CPU.Build.0 = Release|Any CPU
	EndGlobalSection
	GlobalSection(SolutionProperties) = preSolution
		HideSolutionNode = FALSE
	EndGlobalSection
	GlobalSection(NestedProjects) = preSolution
		{581F49A5-9768-4CB3-AF92-3A3FC2B1F63B} = {9485A936-E4F3-472A-9959-962AB1B08E93}
		{EA1F7F6C-C8C9-4529-998D-B86701FFA1DE} = {9485A936-E4F3-472A-9959-962AB1B08E93}
		{5A691EE2-96EE-4F5F-858E-6A17088CE7A1} = {9485A936-E4F3-472A-9959-962AB1B08E93}
		{AB7C27CC-534F-472E-BA56-A1287973B7E2} = {9485A936-E4F3-472A-9959-962AB1B08E93}
		{C6DDFD34-176E-48AC-998F-854F98CD28BB} = {9485A936-E4F3-472A-9959-962AB1B08E93}
		{823E8AF4-CF92-4E74-8ABD-38693279EB1E} = {9485A936-E4F3-472A-9959-962AB1B08E93}
		{A1BD782F-F3C4-4820-8B00-FDBDAADAE37D} = {9485A936-E4F3-472A-9959-962AB1B08E93}
		{1FC72801-4046-4CC7-BF83-8082FFD593BC} = {9485A936-E4F3-472A-9959-962AB1B08E93}
		{FCF3C622-5CF6-4C2A-B024-4046D6E4941C} = {9485A936-E4F3-472A-9959-962AB1B08E93}
	EndGlobalSection
EndGlobal
